
Microsoft Visual Studio Solution File, Format Version 9.00
# Visual Studio 2005
Project("{FAE04EC0-301F-11D3-BF4B-00C04F79EFBC}") = "Commerce", "Commerce\Commerce.csproj", "{BDAFFA92-557A-432D-8D61-FB5FC0EFE94F}"
EndProject
Global
	GlobalSection(SolutionConfigurationPlatforms) = preSolution
		Debug|Any CPU = Debug|Any CPU
		Release|Any CPU = Release|Any CPU
	EndGlobalSection
	GlobalSection(ProjectConfigurationPlatforms) = postSolution
		{BDAFFA92-557A-432D-8D61-FB5FC0EFE94F}.Debug|Any CPU.ActiveCfg = Debug|Any CPU
		{BDAFFA92-557A-432D-8D61-FB5FC0EFE94F}.Debug|Any CPU.Build.0 = Debug|Any CPU
		{BDAFFA92-557A-432D-8D61-FB5FC0EFE94F}.Release|Any CPU.ActiveCfg = Release|Any CPU
		{BDAFFA92-557A-432D-8D61-FB5FC0EFE94F}.Release|Any CPU.Build.0 = Release|Any CPU
	EndGlobalSection
	GlobalSection(SolutionProperties) = preSolution
		HideSolutionNode = FALSE
	EndGlobalSection
EndGlobal
