
Microsoft Visual Studio Solution File, Format Version 9.00
# Visual Studio 2005
Project("{E24C65DC-7377-472B-9ABA-BC803B73C61A}") = "C:\...\Commerce\", ".", "{D4C64A8C-9A35-4476-B61B-F3A891ECB158}"
	ProjectSection(WebsiteProperties) = preProject
		Debug.AspNetCompiler.VirtualPath = "/Commerce"
		Debug.AspNetCompiler.PhysicalPath = "..\Commerce\"
		Debug.AspNetCompiler.TargetPath = "PrecompiledWeb\Commerce\"
		Debug.AspNetCompiler.Updateable = "true"
		Debug.AspNetCompiler.ForceOverwrite = "true"
		Debug.AspNetCompiler.FixedNames = "false"
		Debug.AspNetCompiler.Debug = "True"
		Release.AspNetCompiler.VirtualPath = "/Commerce"
		Release.AspNetCompiler.PhysicalPath = "..\Commerce\"
		Release.AspNetCompiler.TargetPath = "PrecompiledWeb\Commerce\"
		Release.AspNetCompiler.Updateable = "true"
		Release.AspNetCompiler.ForceOverwrite = "true"
		Release.AspNetCompiler.FixedNames = "false"
		Release.AspNetCompiler.Debug = "False"
		VWDPort = "1306"
	EndProjectSection
EndProject
Global
	GlobalSection(SolutionConfigurationPlatforms) = preSolution
		Debug|.NET = Debug|.NET
	EndGlobalSection
	GlobalSection(ProjectConfigurationPlatforms) = postSolution
		{D4C64A8C-9A35-4476-B61B-F3A891ECB158}.Debug|.NET.ActiveCfg = Debug|.NET
		{D4C64A8C-9A35-4476-B61B-F3A891ECB158}.Debug|.NET.Build.0 = Debug|.NET
	EndGlobalSection
	GlobalSection(SolutionProperties) = preSolution
		HideSolutionNode = FALSE
	EndGlobalSection
EndGlobal
